<?xml version="1.0" encoding="utf-8"?>
<Project ToolsVersion="4.0" xmlns="http://schemas.microsoft.com/developer/msbuild/2003">
  <ItemGroup>
    <ClCompile Include="main.cpp" />
    <ClCompile Include="steam\CSteamID.cpp" />
  </ItemGroup>
  <ItemGroup>
    <ClInclude Include="steam\CSteamID.h" />
    <ClInclude Include="steam\ISteamFriends.h" />
    <ClInclude Include="steam\ISteamNetworking.h" />
    <ClInclude Include="steam\SteamTypes.h" />
    <ClInclude Include="helpers\VirtualMethodTableHooker.h" />
    <ClInclude Include="helpers\SignatureFinder.h" />
    <ClInclude Include="models\player.h" />
    <ClInclude Include="helpers\PlayerSerializer.h" />
    <ClInclude Include="helpers\SharedMemoryProducer.h" />
    <ClInclude Include="packages\include\nlohmann\json.hpp" />
    <ClInclude Include="packages\include\curl\curl.h" />
    <ClInclude Include="packages\include\curl\curlver.h" />
    <ClInclude Include="packages\include\curl\easy.h" />
    <ClInclude Include="packages\include\curl\header.h" />
    <ClInclude Include="packages\include\curl\mprintf.h" />
    <ClInclude Include="packages\include\curl\multi.h" />
    <ClInclude Include="packages\include\curl\options.h" />
    <ClInclude Include="packages\include\curl\stdcheaders.h" />
    <ClInclude Include="packages\include\curl\system.h" />
    <ClInclude Include="packages\include\curl\typecheck-gcc.h" />
    <ClInclude Include="packages\include\curl\urlapi.h" />
    <ClInclude Include="packages\include\curl\websockets.h" />
    <ClInclude Include="packages\include\curl\zconf.h" />
    <ClInclude Include="packages\include\curl\zlib.h" />
    <ClInclude Include="packages\include\pcap\bluetooth.h" />
    <ClInclude Include="packages\include\pcap\bpf.h" />
    <ClInclude Include="packages\include\pcap\can_socketcan.h" />
    <ClInclude Include="packages\include\pcap\compiler-tests.h" />
    <ClInclude Include="packages\include\pcap\dlt.h" />
    <ClInclude Include="packages\include\pcap\funcattrs.h" />
    <ClInclude Include="packages\include\pcap\ipnet.h" />
    <ClInclude Include="packages\include\pcap\namedb.h" />
    <ClInclude Include="packages\include\pcap\nflog.h" />
    <ClInclude Include="packages\include\pcap\pcap.h" />
    <ClInclude Include="packages\include\pcap\pcap-inttypes.h" />
    <ClInclude Include="packages\include\pcap\sll.h" />
    <ClInclude Include="packages\include\pcap\socket.h" />
    <ClInclude Include="packages\include\pcap\usb.h" />
    <ClInclude Include="packages\include\pcap\vlan.h" />
    <ClInclude Include="packages\include\Packet32.h" />
    <ClInclude Include="packages\include\pcap.h" />
    <ClInclude Include="packages\include\pcap-bpf.h" />
    <ClInclude Include="packages\include\pcap-namedb.h" />
    <ClInclude Include="services\IpToCountryService.h" />
    <ClInclude Include="services\WorkerService.h" />
    <ClInclude Include="services\PingMonitorService.h" />
    <ClInclude Include="services\HookService.h" />
    <ClInclude Include="globals\players.h" />
    <ClInclude Include="helpers\MessageBoxShower.h" />
  </ItemGroup>
  <ItemGroup>
    <Library Include="packages\lib\libcurl.lib" />
    <Library Include="packages\lib\zlib.lib" />
    <Library Include="packages\lib\Packet.lib" />
    <Library Include="packages\lib\wpcap.lib" />
  </ItemGroup>
</Project>